
Microsoft Visual Studio Solution File, Format Version 12.00
# Visual Studio Version 17
VisualStudioVersion = 17.1.32228.430
MinimumVisualStudioVersion = 10.0.40219.1
Project("{9A19103F-16F7-4668-BE54-9A1E7A4F7556}") = "BrowseCourses", "BrowseCourses\BrowseCourses.csproj", "{45F01786-87CC-4417-B619-8EBD1C39F8AF}"
EndProject
Global
	GlobalSection(SolutionConfigurationPlatforms) = preSolution
		Debug|Any CPU = Debug|Any CPU
		Release|Any CPU = Release|Any CPU
	EndGlobalSection
	GlobalSection(ProjectConfigurationPlatforms) = postSolution
		{45F01786-87CC-4417-B619-8EBD1C39F8AF}.Debug|Any CPU.ActiveCfg = Debug|Any CPU
		{45F01786-87CC-4417-B619-8EBD1C39F8AF}.Debug|Any CPU.Build.0 = Debug|Any CPU
		{45F01786-87CC-4417-B619-8EBD1C39F8AF}.Release|Any CPU.ActiveCfg = Release|Any CPU
		{45F01786-87CC-4417-B619-8EBD1C39F8AF}.Release|Any CPU.Build.0 = Release|Any CPU
	EndGlobalSection
	GlobalSection(SolutionProperties) = preSolution
		HideSolutionNode = FALSE
	EndGlobalSection
	GlobalSection(ExtensibilityGlobals) = postSolution
		SolutionGuid = {8D9E6FA8-BE51-4CAC-A496-F8523D81DA07}
	EndGlobalSection
EndGlobal
